lockfileVersion: '9.0'

settings:
  autoInstallPeers: true
  excludeLinksFromLockfile: false

catalogs:
  default:
    typescript:
      specifier: ^6
      version: 6.0.3

importers:

  .: {}

  packages/std:
    dependencies:
      clsx:
        specifier: ^2.1.1
        version: 2.1.1
      tailwind-merge:
        specifier: ^3.0.0
        version: 3.6.0
    devDependencies:
      typescript:
        specifier: 'catalog:'
        version: 6.0.3

packages:

  clsx@2.1.1:
    resolution: {integrity: sha512-eYm0QWBtUrBWZWG0d386OGAw16Z995PiOVo2B7bjWSbHedGl5e0ZWaq65kOGgUSNesEIDkB9ISbTg/JK9dhCZA==}
    engines: {node: '>=6'}

  tailwind-merge@3.6.0:
    resolution: {integrity: sha512-uxL7qAVQriqRQPAyK3pj66VqskWqoZ37PW94jwOTwNfq/z9oyu1V+eqrZqtR2+fCiXdYOZe/Modt8GtvqNzu+w==}

  typescript@6.0.3:
    resolution: {integrity: sha512-y2TvuxSZPDyQakkFRPZHKFm+KKVqIisdg9/CZwm9ftvKXLP8NRWj38/ODjNbr43SsoXqNuAisEf1GdCxqWcdBw==}
    engines: {node: '>=14.17'}
    hasBin: true

snapshots:

  clsx@2.1.1: {}

  tailwind-merge@3.6.0: {}

  typescript@6.0.3: {}
